
Microsoft Visual Studio Solution File, Format Version 12.00
Project("{FAE04EC0-301F-11D3-BF4B-00C04F79EFBC}") = "SiteMonitor", "SiteMonitor\SiteMonitor.csproj", "{9C6BE74C-22B4-4A81-91EA-32204163F8EE}"
EndProject
Global
	GlobalSection(SolutionConfigurationPlatforms) = preSolution
		Debug|Any CPU = Debug|Any CPU
		Release|Any CPU = Release|Any CPU
	EndGlobalSection
	GlobalSection(ProjectConfigurationPlatforms) = postSolution
		{9C6BE74C-22B4-4A81-91EA-32204163F8EE}.Debug|Any CPU.ActiveCfg = Debug|Any CPU
		{9C6BE74C-22B4-4A81-91EA-32204163F8EE}.Debug|Any CPU.Build.0 = Debug|Any CPU
		{9C6BE74C-22B4-4A81-91EA-32204163F8EE}.Release|Any CPU.ActiveCfg = Release|Any CPU
		{9C6BE74C-22B4-4A81-91EA-32204163F8EE}.Release|Any CPU.Build.0 = Release|Any CPU
	EndGlobalSection
EndGlobal
